Microsoft Visual Studio Solution File, Format Version 12.00
# Visual Studio Version 17
VisualStudioVersion = 17.5.2.0
MinimumVisualStudioVersion = 10.0.40219.1
Project("{FAE04EC0-301F-11D3-BF4B-00C04F79EFBC}") = "NBomber.Sinks.Otel", "NBomber.Sinks.Otel.csproj", "{B91FAD69-0EA1-F57B-E424-1CA76A5F3957}"
EndProject
Global
	GlobalSection(SolutionConfigurationPlatforms) = preSolution
		Debug|Any CPU = Debug|Any CPU
		Release|Any CPU = Release|Any CPU
	EndGlobalSection
	GlobalSection(ProjectConfigurationPlatforms) = postSolution
		{B91FAD69-0EA1-F57B-E424-1CA76A5F3957}.Debug|Any CPU.ActiveCfg = Debug|Any CPU
		{B91FAD69-0EA1-F57B-E424-1CA76A5F3957}.Debug|Any CPU.Build.0 = Debug|Any CPU
		{B91FAD69-0EA1-F57B-E424-1CA76A5F3957}.Release|Any CPU.ActiveCfg = Release|Any CPU
		{B91FAD69-0EA1-F57B-E424-1CA76A5F3957}.Release|Any CPU.Build.0 = Release|Any CPU
	EndGlobalSection
	GlobalSection(SolutionProperties) = preSolution
		HideSolutionNode = FALSE
	EndGlobalSection
	GlobalSection(ExtensibilityGlobals) = postSolution
		SolutionGuid = {CC33BEB7-A8C6-43C7-8C32-E86B56699645}
	EndGlobalSection
EndGlobal
